
Microsoft Visual Studio Solution File, Format Version 12.00
# Visual Studio Version 17
VisualStudioVersion = 17.7.34221.43
MinimumVisualStudioVersion = 10.0.40219.1
Project("{FAE04EC0-301F-11D3-BF4B-00C04F79EFBC}") = "SchoolFees", "SchoolFees.csproj", "{FAF62F11-19F9-494A-B996-D775E22FD186}"
EndProject
Global
	GlobalSection(SolutionConfigurationPlatforms) = preSolution
		Debug|Any CPU = Debug|Any CPU
		Release|Any CPU = Release|Any CPU
	EndGlobalSection
	GlobalSection(ProjectConfigurationPlatforms) = postSolution
		{FAF62F11-19F9-494A-B996-D775E22FD186}.Debug|Any CPU.ActiveCfg = Debug|Any CPU
		{FAF62F11-19F9-494A-B996-D775E22FD186}.Debug|Any CPU.Build.0 = Debug|Any CPU
		{FAF62F11-19F9-494A-B996-D775E22FD186}.Release|Any CPU.ActiveCfg = Release|Any CPU
		{FAF62F11-19F9-494A-B996-D775E22FD186}.Release|Any CPU.Build.0 = Release|Any CPU
	EndGlobalSection
	GlobalSection(SolutionProperties) = preSolution
		HideSolutionNode = FALSE
	EndGlobalSection
	GlobalSection(ExtensibilityGlobals) = postSolution
		SolutionGuid = {2802187B-AAA5-44FF-BB9F-CCD3C602C017}
	EndGlobalSection
EndGlobal
